
Microsoft Visual Studio Solution File, Format Version 12.00
# Visual Studio 14
VisualStudioVersion = 14.0.25420.1
MinimumVisualStudioVersion = 10.0.40219.1
Project("{FAE04EC0-301F-11D3-BF4B-00C04F79EFBC}") = "Tasker", "Tasker\Tasker.csproj", "{C6852965-52F3-4B7F-83C9-7027F2238E60}"
EndProject
Project("{FAE04EC0-301F-11D3-BF4B-00C04F79EFBC}") = "Tasker.Tests", "Tasker.Tests\Tasker.Tests.csproj", "{2D1E39E3-6F43-4A66-B120-8E9950C1F65F}"
EndProject
Global
	GlobalSection(SolutionConfigurationPlatforms) = preSolution
		Debug|Any CPU = Debug|Any CPU
		Release|Any CPU = Release|Any CPU
	EndGlobalSection
	GlobalSection(ProjectConfigurationPlatforms) = postSolution
		{C6852965-52F3-4B7F-83C9-7027F2238E60}.Debug|Any CPU.ActiveCfg = Debug|Any CPU
		{C6852965-52F3-4B7F-83C9-7027F2238E60}.Debug|Any CPU.Build.0 = Debug|Any CPU
		{C6852965-52F3-4B7F-83C9-7027F2238E60}.Release|Any CPU.ActiveCfg = Release|Any CPU
		{C6852965-52F3-4B7F-83C9-7027F2238E60}.Release|Any CPU.Build.0 = Release|Any CPU
		{2D1E39E3-6F43-4A66-B120-8E9950C1F65F}.Debug|Any CPU.ActiveCfg = Debug|Any CPU
		{2D1E39E3-6F43-4A66-B120-8E9950C1F65F}.Debug|Any CPU.Build.0 = Debug|Any CPU
		{2D1E39E3-6F43-4A66-B120-8E9950C1F65F}.Release|Any CPU.ActiveCfg = Release|Any CPU
		{2D1E39E3-6F43-4A66-B120-8E9950C1F65F}.Release|Any CPU.Build.0 = Release|Any CPU
	EndGlobalSection
	GlobalSection(SolutionProperties) = preSolution
		HideSolutionNode = FALSE
	EndGlobalSection
EndGlobal
