
Microsoft Visual Studio Solution File, Format Version 12.00
# Visual Studio 14
VisualStudioVersion = 14.0.24720.0
MinimumVisualStudioVersion = 10.0.40219.1
Project("{FAE04EC0-301F-11D3-BF4B-00C04F79EFBC}") = "ArmyOfCreatures", "ArmyOfCreatures\ArmyOfCreatures.csproj", "{BB52E531-9691-46AF-9ED3-0EC7B011FBEC}"
EndProject
Project("{FAE04EC0-301F-11D3-BF4B-00C04F79EFBC}") = "ArmyOfCreatures.Tests", "ArmyOfCreatures.Tests\ArmyOfCreatures.Tests.csproj", "{35A09410-A08D-4386-8789-42765CA86015}"
EndProject
Global
	GlobalSection(SolutionConfigurationPlatforms) = preSolution
		Debug|Any CPU = Debug|Any CPU
		Release|Any CPU = Release|Any CPU
	EndGlobalSection
	GlobalSection(ProjectConfigurationPlatforms) = postSolution
		{BB52E531-9691-46AF-9ED3-0EC7B011FBEC}.Debug|Any CPU.ActiveCfg = Debug|Any CPU
		{BB52E531-9691-46AF-9ED3-0EC7B011FBEC}.Debug|Any CPU.Build.0 = Debug|Any CPU
		{BB52E531-9691-46AF-9ED3-0EC7B011FBEC}.Release|Any CPU.ActiveCfg = Release|Any CPU
		{BB52E531-9691-46AF-9ED3-0EC7B011FBEC}.Release|Any CPU.Build.0 = Release|Any CPU
		{35A09410-A08D-4386-8789-42765CA86015}.Debug|Any CPU.ActiveCfg = Debug|Any CPU
		{35A09410-A08D-4386-8789-42765CA86015}.Debug|Any CPU.Build.0 = Debug|Any CPU
		{35A09410-A08D-4386-8789-42765CA86015}.Release|Any CPU.ActiveCfg = Release|Any CPU
		{35A09410-A08D-4386-8789-42765CA86015}.Release|Any CPU.Build.0 = Release|Any CPU
	EndGlobalSection
	GlobalSection(SolutionProperties) = preSolution
		HideSolutionNode = FALSE
	EndGlobalSection
EndGlobal
