
Microsoft Visual Studio Solution File, Format Version 12.00
# Visual Studio 14
VisualStudioVersion = 14.0.25420.1
MinimumVisualStudioVersion = 10.0.40219.1
Project("{FAE04EC0-301F-11D3-BF4B-00C04F79EFBC}") = "Validators", "Validators\Validators.csproj", "{54FEA9A0-63D0-48A3-AAE1-C0AB72AC4C79}"
EndProject
Project("{FAE04EC0-301F-11D3-BF4B-00C04F79EFBC}") = "ValidatorsTests", "ValidatorsTests\ValidatorsTests.csproj", "{844B21D6-05B9-4066-A431-8657DE2F8B02}"
EndProject
Global
	GlobalSection(SolutionConfigurationPlatforms) = preSolution
		Debug|Any CPU = Debug|Any CPU
		Release|Any CPU = Release|Any CPU
	EndGlobalSection
	GlobalSection(ProjectConfigurationPlatforms) = postSolution
		{54FEA9A0-63D0-48A3-AAE1-C0AB72AC4C79}.Debug|Any CPU.ActiveCfg = Debug|Any CPU
		{54FEA9A0-63D0-48A3-AAE1-C0AB72AC4C79}.Debug|Any CPU.Build.0 = Debug|Any CPU
		{54FEA9A0-63D0-48A3-AAE1-C0AB72AC4C79}.Release|Any CPU.ActiveCfg = Release|Any CPU
		{54FEA9A0-63D0-48A3-AAE1-C0AB72AC4C79}.Release|Any CPU.Build.0 = Release|Any CPU
		{844B21D6-05B9-4066-A431-8657DE2F8B02}.Debug|Any CPU.ActiveCfg = Debug|Any CPU
		{844B21D6-05B9-4066-A431-8657DE2F8B02}.Debug|Any CPU.Build.0 = Debug|Any CPU
		{844B21D6-05B9-4066-A431-8657DE2F8B02}.Release|Any CPU.ActiveCfg = Release|Any CPU
		{844B21D6-05B9-4066-A431-8657DE2F8B02}.Release|Any CPU.Build.0 = Release|Any CPU
	EndGlobalSection
	GlobalSection(SolutionProperties) = preSolution
		HideSolutionNode = FALSE
	EndGlobalSection
EndGlobal
