
Microsoft Visual Studio Solution File, Format Version 12.00
# Visual Studio 14
VisualStudioVersion = 14.0.25420.1
MinimumVisualStudioVersion = 10.0.40219.1
Project("{FAE04EC0-301F-11D3-BF4B-00C04F79EFBC}") = "IntergalacticTravel", "IntergalacticTravel\IntergalacticTravel.csproj", "{ADCEB8BC-59F3-4087-8A14-2EA6FE723F78}"
EndProject
Project("{FAE04EC0-301F-11D3-BF4B-00C04F79EFBC}") = "IntergalacticTravel.Tests", "IntergalacticTravel.Tests\IntergalacticTravel.Tests.csproj", "{2EC3F83D-ADA2-4124-9400-3C03CFE77BF9}"
EndProject
Global
	GlobalSection(SolutionConfigurationPlatforms) = preSolution
		Debug|Any CPU = Debug|Any CPU
		Release|Any CPU = Release|Any CPU
	EndGlobalSection
	GlobalSection(ProjectConfigurationPlatforms) = postSolution
		{ADCEB8BC-59F3-4087-8A14-2EA6FE723F78}.Debug|Any CPU.ActiveCfg = Debug|Any CPU
		{ADCEB8BC-59F3-4087-8A14-2EA6FE723F78}.Debug|Any CPU.Build.0 = Debug|Any CPU
		{ADCEB8BC-59F3-4087-8A14-2EA6FE723F78}.Release|Any CPU.ActiveCfg = Release|Any CPU
		{ADCEB8BC-59F3-4087-8A14-2EA6FE723F78}.Release|Any CPU.Build.0 = Release|Any CPU
		{2EC3F83D-ADA2-4124-9400-3C03CFE77BF9}.Debug|Any CPU.ActiveCfg = Debug|Any CPU
		{2EC3F83D-ADA2-4124-9400-3C03CFE77BF9}.Debug|Any CPU.Build.0 = Debug|Any CPU
		{2EC3F83D-ADA2-4124-9400-3C03CFE77BF9}.Release|Any CPU.ActiveCfg = Release|Any CPU
		{2EC3F83D-ADA2-4124-9400-3C03CFE77BF9}.Release|Any CPU.Build.0 = Release|Any CPU
	EndGlobalSection
	GlobalSection(SolutionProperties) = preSolution
		HideSolutionNode = FALSE
	EndGlobalSection
EndGlobal
